
Microsoft Visual Studio Solution File, Format Version 11.00
# Visual Studio 2010
Project("{FAE04EC0-301F-11D3-BF4B-00C04F79EFBC}") = "TWar2D", "Assembly-CSharp-firstpass.csproj", "{CEF2882B-1239-4691-842A-AA4C81072FCB}"
EndProject
Project("{FAE04EC0-301F-11D3-BF4B-00C04F79EFBC}") = "TWar2D", "Assembly-CSharp.csproj", "{00FB717F-3A54-B609-00F7-88376354B5DC}"
EndProject
Project("{FAE04EC0-301F-11D3-BF4B-00C04F79EFBC}") = "TWar2D", "Assembly-CSharp-Editor.csproj", "{83887B9E-1778-3184-1575-070D315D0BCF}"
EndProject
Global
	GlobalSection(SolutionConfigurationPlatforms) = preSolution
		Debug|Any CPU = Debug|Any CPU
		Release|Any CPU = Release|Any CPU
	EndGlobalSection
	GlobalSection(ProjectConfigurationPlatforms) = postSolution
		{CEF2882B-1239-4691-842A-AA4C81072FCB}.Debug|Any CPU.ActiveCfg = Debug|Any CPU
		{CEF2882B-1239-4691-842A-AA4C81072FCB}.Debug|Any CPU.Build.0 = Debug|Any CPU
		{CEF2882B-1239-4691-842A-AA4C81072FCB}.Release|Any CPU.ActiveCfg = Release|Any CPU
		{CEF2882B-1239-4691-842A-AA4C81072FCB}.Release|Any CPU.Build.0 = Release|Any CPU
		{00FB717F-3A54-B609-00F7-88376354B5DC}.Debug|Any CPU.ActiveCfg = Debug|Any CPU
		{00FB717F-3A54-B609-00F7-88376354B5DC}.Debug|Any CPU.Build.0 = Debug|Any CPU
		{00FB717F-3A54-B609-00F7-88376354B5DC}.Release|Any CPU.ActiveCfg = Release|Any CPU
		{00FB717F-3A54-B609-00F7-88376354B5DC}.Release|Any CPU.Build.0 = Release|Any CPU
		{83887B9E-1778-3184-1575-070D315D0BCF}.Debug|Any CPU.ActiveCfg = Debug|Any CPU
		{83887B9E-1778-3184-1575-070D315D0BCF}.Debug|Any CPU.Build.0 = Debug|Any CPU
		{83887B9E-1778-3184-1575-070D315D0BCF}.Release|Any CPU.ActiveCfg = Release|Any CPU
		{83887B9E-1778-3184-1575-070D315D0BCF}.Release|Any CPU.Build.0 = Release|Any CPU
	EndGlobalSection
	GlobalSection(SolutionProperties) = preSolution
		HideSolutionNode = FALSE
	EndGlobalSection
	GlobalSection(MonoDevelopProperties) = preSolution
		StartupItem = Assembly-CSharp.csproj
	EndGlobalSection
EndGlobal
