
Microsoft Visual Studio Solution File, Format Version 12.00
# Visual Studio 2017
Project("{FAE04EC0-301F-11D3-BF4B-00C04F79EFBC}") = "TWarGame.Plugins", "TWarGame.Plugins.csproj", "{9D30FFCF-0FF5-02A8-08C9-DD801285FA2B}"
EndProject
Project("{FAE04EC0-301F-11D3-BF4B-00C04F79EFBC}") = "TWarGame", "TWarGame.csproj", "{80C2F658-EE1D-1702-6B99-2BAA4BC7E85D}"
EndProject
Project("{FAE04EC0-301F-11D3-BF4B-00C04F79EFBC}") = "TWarGame.Editor", "TWarGame.Editor.csproj", "{253375D0-32D5-75EF-40CB-F6245478B036}"
EndProject
Global
	GlobalSection(SolutionConfigurationPlatforms) = preSolution
		Debug|Any CPU = Debug|Any CPU
		Release|Any CPU = Release|Any CPU
	EndGlobalSection
	GlobalSection(ProjectConfigurationPlatforms) = postSolution
		{9D30FFCF-0FF5-02A8-08C9-DD801285FA2B}.Debug|Any CPU.ActiveCfg = Debug|Any CPU
		{9D30FFCF-0FF5-02A8-08C9-DD801285FA2B}.Debug|Any CPU.Build.0 = Debug|Any CPU
		{9D30FFCF-0FF5-02A8-08C9-DD801285FA2B}.Release|Any CPU.ActiveCfg = Release|Any CPU
		{9D30FFCF-0FF5-02A8-08C9-DD801285FA2B}.Release|Any CPU.Build.0 = Release|Any CPU
		{80C2F658-EE1D-1702-6B99-2BAA4BC7E85D}.Debug|Any CPU.ActiveCfg = Debug|Any CPU
		{80C2F658-EE1D-1702-6B99-2BAA4BC7E85D}.Debug|Any CPU.Build.0 = Debug|Any CPU
		{80C2F658-EE1D-1702-6B99-2BAA4BC7E85D}.Release|Any CPU.ActiveCfg = Release|Any CPU
		{80C2F658-EE1D-1702-6B99-2BAA4BC7E85D}.Release|Any CPU.Build.0 = Release|Any CPU
		{253375D0-32D5-75EF-40CB-F6245478B036}.Debug|Any CPU.ActiveCfg = Debug|Any CPU
		{253375D0-32D5-75EF-40CB-F6245478B036}.Debug|Any CPU.Build.0 = Debug|Any CPU
		{253375D0-32D5-75EF-40CB-F6245478B036}.Release|Any CPU.ActiveCfg = Release|Any CPU
		{253375D0-32D5-75EF-40CB-F6245478B036}.Release|Any CPU.Build.0 = Release|Any CPU
	EndGlobalSection
	GlobalSection(SolutionProperties) = preSolution
		HideSolutionNode = FALSE
	EndGlobalSection
EndGlobal
