
Microsoft Visual Studio Solution File, Format Version 11.00
# Visual Studio 2010
Project("{FAE04EC0-301F-11D3-BF4B-00C04F79EFBC}") = "TWarGame", "Assembly-CSharp-firstpass.csproj", "{71836FAA-256C-1D3E-F540-173EB2F22F59}"
EndProject
Project("{FAE04EC0-301F-11D3-BF4B-00C04F79EFBC}") = "TWarGame", "Assembly-CSharp.csproj", "{5E4EB48B-F90F-E3F6-45AC-BAFB59F1F1CE}"
EndProject
Project("{FAE04EC0-301F-11D3-BF4B-00C04F79EFBC}") = "TWarGame", "Assembly-CSharp-Editor-firstpass.csproj", "{73F06E76-6139-1C25-D1BE-5B7936042420}"
EndProject
Project("{FAE04EC0-301F-11D3-BF4B-00C04F79EFBC}") = "TWarGame", "Assembly-CSharp-Editor.csproj", "{04DACB56-066E-37D1-FF50-40D109B160A4}"
EndProject
Global
	GlobalSection(SolutionConfigurationPlatforms) = preSolution
		Debug|Any CPU = Debug|Any CPU
		Release|Any CPU = Release|Any CPU
	EndGlobalSection
	GlobalSection(ProjectConfigurationPlatforms) = postSolution
		{71836FAA-256C-1D3E-F540-173EB2F22F59}.Debug|Any CPU.ActiveCfg = Debug|Any CPU
		{71836FAA-256C-1D3E-F540-173EB2F22F59}.Debug|Any CPU.Build.0 = Debug|Any CPU
		{71836FAA-256C-1D3E-F540-173EB2F22F59}.Release|Any CPU.ActiveCfg = Release|Any CPU
		{71836FAA-256C-1D3E-F540-173EB2F22F59}.Release|Any CPU.Build.0 = Release|Any CPU
		{5E4EB48B-F90F-E3F6-45AC-BAFB59F1F1CE}.Debug|Any CPU.ActiveCfg = Debug|Any CPU
		{5E4EB48B-F90F-E3F6-45AC-BAFB59F1F1CE}.Debug|Any CPU.Build.0 = Debug|Any CPU
		{5E4EB48B-F90F-E3F6-45AC-BAFB59F1F1CE}.Release|Any CPU.ActiveCfg = Release|Any CPU
		{5E4EB48B-F90F-E3F6-45AC-BAFB59F1F1CE}.Release|Any CPU.Build.0 = Release|Any CPU
		{73F06E76-6139-1C25-D1BE-5B7936042420}.Debug|Any CPU.ActiveCfg = Debug|Any CPU
		{73F06E76-6139-1C25-D1BE-5B7936042420}.Debug|Any CPU.Build.0 = Debug|Any CPU
		{73F06E76-6139-1C25-D1BE-5B7936042420}.Release|Any CPU.ActiveCfg = Release|Any CPU
		{73F06E76-6139-1C25-D1BE-5B7936042420}.Release|Any CPU.Build.0 = Release|Any CPU
		{04DACB56-066E-37D1-FF50-40D109B160A4}.Debug|Any CPU.ActiveCfg = Debug|Any CPU
		{04DACB56-066E-37D1-FF50-40D109B160A4}.Debug|Any CPU.Build.0 = Debug|Any CPU
		{04DACB56-066E-37D1-FF50-40D109B160A4}.Release|Any CPU.ActiveCfg = Release|Any CPU
		{04DACB56-066E-37D1-FF50-40D109B160A4}.Release|Any CPU.Build.0 = Release|Any CPU
	EndGlobalSection
	GlobalSection(SolutionProperties) = preSolution
		HideSolutionNode = FALSE
	EndGlobalSection
	GlobalSection(MonoDevelopProperties) = preSolution
		StartupItem = Assembly-CSharp.csproj
	EndGlobalSection
EndGlobal
